
Microsoft Visual Studio Solution File, Format Version 12.00
# Visual Studio Version 16
VisualStudioVersion = 16.0.33027.164
MinimumVisualStudioVersion = 10.0.40219.1
Project("{8BC9CEB8-8B4A-11D0-8D11-00A0C91BC942}") = "PointCloudImageMapping", "PointCloudImageMapping_2022.vcxproj", "{7818ACE9-DA49-47D2-A99C-94885966B7A9}"
EndProject
Global
	GlobalSection(SolutionConfigurationPlatforms) = preSolution
		Debug|x64 = Debug|x64
		Release|x64 = Release|x64
	EndGlobalSection
	GlobalSection(ProjectConfigurationPlatforms) = postSolution
		{7818ACE9-DA49-47D2-A99C-94885966B7A9}.Debug|x64.ActiveCfg = Debug|x64
		{7818ACE9-DA49-47D2-A99C-94885966B7A9}.Debug|x64.Build.0 = Debug|x64
		{7818ACE9-DA49-47D2-A99C-94885966B7A9}.Release|x64.ActiveCfg = Release|x64
		{7818ACE9-DA49-47D2-A99C-94885966B7A9}.Release|x64.Build.0 = Release|x64
	EndGlobalSection
	GlobalSection(SolutionProperties) = preSolution
		HideSolutionNode = FALSE
	EndGlobalSection
	GlobalSection(ExtensibilityGlobals) = postSolution
		SolutionGuid = {AF250616-8CF7-4C02-9553-BEEC7749AF24}
	EndGlobalSection
EndGlobal
